
Microsoft Visual Studio Solution File, Format Version 12.00
# Visual Studio Version 16
VisualStudioVersion = 16.0.30320.27
MinimumVisualStudioVersion = 10.0.40219.1
Project("{2150E333-8FDC-42A3-9474-1A3956D46DE8}") = "1 - Application", "1 - Application", "{B69AC3F7-D616-482C-950B-C414C829DF2D}"
EndProject
Project("{2150E333-8FDC-42A3-9474-1A3956D46DE8}") = "2 - Domain", "2 - Domain", "{07602F85-4AC6-47DC-BEB3-35B7C0C7C2D6}"
EndProject
Project("{2150E333-8FDC-42A3-9474-1A3956D46DE8}") = "3 - Service", "3 - Service", "{1BE2421E-9C87-4159-A14F-B6A839E33460}"
EndProject
Project("{2150E333-8FDC-42A3-9474-1A3956D46DE8}") = "4 - Infra", "4 - Infra", "{1E830F0C-7913-45C9-8EE1-2BEF281A9B5B}"
EndProject
Project("{2150E333-8FDC-42A3-9474-1A3956D46DE8}") = "5 - Tests", "5 - Tests", "{F9C9033C-754F-4D9C-B8F4-00F7D7A949C5}"
EndProject
Project("{9A19103F-16F7-4668-BE54-9A1E7A4F7556}") = "LJAF.Service", "LJAF.Service\LJAF.Service.csproj", "{2A51F5BC-9DDE-4970-8B6C-119F2D5A5B25}"
EndProject
Project("{2150E333-8FDC-42A3-9474-1A3956D46DE8}") = "4.1 - CrossCutting", "4.1 - CrossCutting", "{9A32FE53-2005-46D2-A7F0-6CE815E6DBC5}"
EndProject
Project("{2150E333-8FDC-42A3-9474-1A3956D46DE8}") = "4.2 - Data", "4.2 - Data", "{C32A2098-7561-46C7-8E67-BED36F61195A}"
EndProject
Project("{9A19103F-16F7-4668-BE54-9A1E7A4F7556}") = "LJAF.Test", "LJAF.Test\LJAF.Test.csproj", "{99839727-9961-43C7-AEA4-98276FC341CD}"
EndProject
Project("{9A19103F-16F7-4668-BE54-9A1E7A4F7556}") = "LJAF.Infra.CrossCutting", "LJAF.Infra.CrossCutting\LJAF.Infra.CrossCutting.csproj", "{67CEF86D-B067-4D81-B4B0-C5938AB0C388}"
EndProject
Project("{9A19103F-16F7-4668-BE54-9A1E7A4F7556}") = "LJAF.Infra.Data", "LJAF.Infra.Data\LJAF.Infra.Data.csproj", "{F13F9CF5-BE80-45EA-9DD6-0AA32F7B3E0F}"
EndProject
Project("{9A19103F-16F7-4668-BE54-9A1E7A4F7556}") = "LJAF.Domain.Contract", "LJAF.Domain.Contract\LJAF.Domain.Contract.csproj", "{2D169A27-83E5-46EE-93C8-6B011B551308}"
EndProject
Project("{2150E333-8FDC-42A3-9474-1A3956D46DE8}") = "4.3 - Migrations", "4.3 - Migrations", "{BA5B0DD1-DDE9-4F12-B760-E04FF344F080}"
EndProject
Project("{9A19103F-16F7-4668-BE54-9A1E7A4F7556}") = "LJAF.Infra.Migrations", "LJAF.Infra.Migrations\LJAF.Infra.Migrations.csproj", "{83DC36BD-037E-4330-84F5-F854928F1F0C}"
EndProject
Project("{FAE04EC0-301F-11D3-BF4B-00C04F79EFBC}") = "LJAF.Domain.Entity", "LJAF.Domain.Entity\LJAF.Domain.Entity.csproj", "{88774FB8-2FF9-4FD1-B8FA-9BDE1FD6D822}"
EndProject
Project("{9A19103F-16F7-4668-BE54-9A1E7A4F7556}") = "LJAF.Application", "LJAF.Application\LJAF.Application.csproj", "{ABDDEDBD-232B-4410-96E1-D9D5DED65CD6}"
EndProject
Global
	GlobalSection(SolutionConfigurationPlatforms) = preSolution
		Debug|Any CPU = Debug|Any CPU
		Release|Any CPU = Release|Any CPU
	EndGlobalSection
	GlobalSection(ProjectConfigurationPlatforms) = postSolution
		{2A51F5BC-9DDE-4970-8B6C-119F2D5A5B25}.Debug|Any CPU.ActiveCfg = Debug|Any CPU
		{2A51F5BC-9DDE-4970-8B6C-119F2D5A5B25}.Debug|Any CPU.Build.0 = Debug|Any CPU
		{2A51F5BC-9DDE-4970-8B6C-119F2D5A5B25}.Release|Any CPU.ActiveCfg = Release|Any CPU
		{2A51F5BC-9DDE-4970-8B6C-119F2D5A5B25}.Release|Any CPU.Build.0 = Release|Any CPU
		{99839727-9961-43C7-AEA4-98276FC341CD}.Debug|Any CPU.ActiveCfg = Debug|Any CPU
		{99839727-9961-43C7-AEA4-98276FC341CD}.Debug|Any CPU.Build.0 = Debug|Any CPU
		{99839727-9961-43C7-AEA4-98276FC341CD}.Release|Any CPU.ActiveCfg = Release|Any CPU
		{99839727-9961-43C7-AEA4-98276FC341CD}.Release|Any CPU.Build.0 = Release|Any CPU
		{67CEF86D-B067-4D81-B4B0-C5938AB0C388}.Debug|Any CPU.ActiveCfg = Debug|Any CPU
		{67CEF86D-B067-4D81-B4B0-C5938AB0C388}.Debug|Any CPU.Build.0 = Debug|Any CPU
		{67CEF86D-B067-4D81-B4B0-C5938AB0C388}.Release|Any CPU.ActiveCfg = Release|Any CPU
		{67CEF86D-B067-4D81-B4B0-C5938AB0C388}.Release|Any CPU.Build.0 = Release|Any CPU
		{F13F9CF5-BE80-45EA-9DD6-0AA32F7B3E0F}.Debug|Any CPU.ActiveCfg = Debug|Any CPU
		{F13F9CF5-BE80-45EA-9DD6-0AA32F7B3E0F}.Debug|Any CPU.Build.0 = Debug|Any CPU
		{F13F9CF5-BE80-45EA-9DD6-0AA32F7B3E0F}.Release|Any CPU.ActiveCfg = Release|Any CPU
		{F13F9CF5-BE80-45EA-9DD6-0AA32F7B3E0F}.Release|Any CPU.Build.0 = Release|Any CPU
		{2D169A27-83E5-46EE-93C8-6B011B551308}.Debug|Any CPU.ActiveCfg = Debug|Any CPU
		{2D169A27-83E5-46EE-93C8-6B011B551308}.Debug|Any CPU.Build.0 = Debug|Any CPU
		{2D169A27-83E5-46EE-93C8-6B011B551308}.Release|Any CPU.ActiveCfg = Release|Any CPU
		{2D169A27-83E5-46EE-93C8-6B011B551308}.Release|Any CPU.Build.0 = Release|Any CPU
		{83DC36BD-037E-4330-84F5-F854928F1F0C}.Debug|Any CPU.ActiveCfg = Debug|Any CPU
		{83DC36BD-037E-4330-84F5-F854928F1F0C}.Debug|Any CPU.Build.0 = Debug|Any CPU
		{83DC36BD-037E-4330-84F5-F854928F1F0C}.Release|Any CPU.ActiveCfg = Release|Any CPU
		{83DC36BD-037E-4330-84F5-F854928F1F0C}.Release|Any CPU.Build.0 = Release|Any CPU
		{88774FB8-2FF9-4FD1-B8FA-9BDE1FD6D822}.Debug|Any CPU.ActiveCfg = Debug|Any CPU
		{88774FB8-2FF9-4FD1-B8FA-9BDE1FD6D822}.Debug|Any CPU.Build.0 = Debug|Any CPU
		{88774FB8-2FF9-4FD1-B8FA-9BDE1FD6D822}.Release|Any CPU.ActiveCfg = Release|Any CPU
		{88774FB8-2FF9-4FD1-B8FA-9BDE1FD6D822}.Release|Any CPU.Build.0 = Release|Any CPU
		{ABDDEDBD-232B-4410-96E1-D9D5DED65CD6}.Debug|Any CPU.ActiveCfg = Debug|Any CPU
		{ABDDEDBD-232B-4410-96E1-D9D5DED65CD6}.Debug|Any CPU.Build.0 = Debug|Any CPU
		{ABDDEDBD-232B-4410-96E1-D9D5DED65CD6}.Release|Any CPU.ActiveCfg = Release|Any CPU
		{ABDDEDBD-232B-4410-96E1-D9D5DED65CD6}.Release|Any CPU.Build.0 = Release|Any CPU
	EndGlobalSection
	GlobalSection(SolutionProperties) = preSolution
		HideSolutionNode = FALSE
	EndGlobalSection
	GlobalSection(NestedProjects) = preSolution
		{2A51F5BC-9DDE-4970-8B6C-119F2D5A5B25} = {1BE2421E-9C87-4159-A14F-B6A839E33460}
		{9A32FE53-2005-46D2-A7F0-6CE815E6DBC5} = {1E830F0C-7913-45C9-8EE1-2BEF281A9B5B}
		{C32A2098-7561-46C7-8E67-BED36F61195A} = {1E830F0C-7913-45C9-8EE1-2BEF281A9B5B}
		{99839727-9961-43C7-AEA4-98276FC341CD} = {F9C9033C-754F-4D9C-B8F4-00F7D7A949C5}
		{67CEF86D-B067-4D81-B4B0-C5938AB0C388} = {9A32FE53-2005-46D2-A7F0-6CE815E6DBC5}
		{F13F9CF5-BE80-45EA-9DD6-0AA32F7B3E0F} = {C32A2098-7561-46C7-8E67-BED36F61195A}
		{2D169A27-83E5-46EE-93C8-6B011B551308} = {07602F85-4AC6-47DC-BEB3-35B7C0C7C2D6}
		{BA5B0DD1-DDE9-4F12-B760-E04FF344F080} = {1E830F0C-7913-45C9-8EE1-2BEF281A9B5B}
		{83DC36BD-037E-4330-84F5-F854928F1F0C} = {BA5B0DD1-DDE9-4F12-B760-E04FF344F080}
		{88774FB8-2FF9-4FD1-B8FA-9BDE1FD6D822} = {07602F85-4AC6-47DC-BEB3-35B7C0C7C2D6}
		{ABDDEDBD-232B-4410-96E1-D9D5DED65CD6} = {B69AC3F7-D616-482C-950B-C414C829DF2D}
	EndGlobalSection
	GlobalSection(ExtensibilityGlobals) = postSolution
		SolutionGuid = {9275555B-F851-4A30-BC73-9D034800AA69}
	EndGlobalSection
EndGlobal
